
Microsoft Visual Studio Solution File, Format Version 12.00
# Visual Studio Version 17
VisualStudioVersion = 17.3.32811.315
MinimumVisualStudioVersion = 10.0.40219.1
Project("{FAE04EC0-301F-11D3-BF4B-00C04F79EFBC}") = "Lista11pr2", "Lista11pr2\Lista11pr2.csproj", "{FC6ABB65-EB1F-44A7-8B7B-9D3C7E22E438}"
EndProject
Global
	GlobalSection(SolutionConfigurationPlatforms) = preSolution
		Debug|Any CPU = Debug|Any CPU
		Release|Any CPU = Release|Any CPU
	EndGlobalSection
	GlobalSection(ProjectConfigurationPlatforms) = postSolution
		{FC6ABB65-EB1F-44A7-8B7B-9D3C7E22E438}.Debug|Any CPU.ActiveCfg = Debug|Any CPU
		{FC6ABB65-EB1F-44A7-8B7B-9D3C7E22E438}.Debug|Any CPU.Build.0 = Debug|Any CPU
		{FC6ABB65-EB1F-44A7-8B7B-9D3C7E22E438}.Release|Any CPU.ActiveCfg = Release|Any CPU
		{FC6ABB65-EB1F-44A7-8B7B-9D3C7E22E438}.Release|Any CPU.Build.0 = Release|Any CPU
	EndGlobalSection
	GlobalSection(SolutionProperties) = preSolution
		HideSolutionNode = FALSE
	EndGlobalSection
	GlobalSection(ExtensibilityGlobals) = postSolution
		SolutionGuid = {5AC0DD91-DD38-445A-B779-9487F56F9F05}
	EndGlobalSection
EndGlobal
